
Microsoft Visual Studio Solution File, Format Version 9.00
# Visual Studio 2005
Project("{8BC9CEB8-8B4A-11D0-8D11-00A0C91BC942}") = "TMrtpSvr", "TMrtpSvr.vcproj", "{C0CBB255-E015-49ED-92A7-074A505B6776}"
EndProject
Global
	GlobalSection(SolutionConfigurationPlatforms) = preSolution
		Debug|Win32 = Debug|Win32
		Release|Win32 = Release|Win32
	EndGlobalSection
	GlobalSection(ProjectConfigurationPlatforms) = postSolution
		{C0CBB255-E015-49ED-92A7-074A505B6776}.Debug|Win32.ActiveCfg = Debug|Win32
		{C0CBB255-E015-49ED-92A7-074A505B6776}.Debug|Win32.Build.0 = Debug|Win32
		{C0CBB255-E015-49ED-92A7-074A505B6776}.Release|Win32.ActiveCfg = Release|Win32
		{C0CBB255-E015-49ED-92A7-074A505B6776}.Release|Win32.Build.0 = Release|Win32
	EndGlobalSection
	GlobalSection(SolutionProperties) = preSolution
		HideSolutionNode = FALSE
	EndGlobalSection
EndGlobal
